
Microsoft Visual Studio Solution File, Format Version 12.00
# Visual Studio Version 17
VisualStudioVersion = 17.14.36623.8 d17.14
MinimumVisualStudioVersion = 10.0.40219.1
Project("{FAE04EC0-301F-11D3-BF4B-00C04F79EFBC}") = "RoadScript", "RoadScript.csproj", "{B5B6AB9D-8032-47FD-9F0F-C6E2EAFE8626}"
EndProject
Global
	GlobalSection(SolutionConfigurationPlatforms) = preSolution
		Debug|Any CPU = Debug|Any CPU
		Release|Any CPU = Release|Any CPU
	EndGlobalSection
	GlobalSection(ProjectConfigurationPlatforms) = postSolution
		{B5B6AB9D-8032-47FD-9F0F-C6E2EAFE8626}.Debug|Any CPU.ActiveCfg = Debug|Any CPU
		{B5B6AB9D-8032-47FD-9F0F-C6E2EAFE8626}.Debug|Any CPU.Build.0 = Debug|Any CPU
		{B5B6AB9D-8032-47FD-9F0F-C6E2EAFE8626}.Release|Any CPU.ActiveCfg = Release|Any CPU
		{B5B6AB9D-8032-47FD-9F0F-C6E2EAFE8626}.Release|Any CPU.Build.0 = Release|Any CPU
	EndGlobalSection
	GlobalSection(SolutionProperties) = preSolution
		HideSolutionNode = FALSE
	EndGlobalSection
	GlobalSection(ExtensibilityGlobals) = postSolution
		SolutionGuid = {B7331009-15B1-4E66-B8A7-AD8D48C49768}
	EndGlobalSection
EndGlobal
